
Microsoft Visual Studio Solution File, Format Version 12.00
# Visual Studio Version 17
VisualStudioVersion = 17.14.37027.9 d17.14
MinimumVisualStudioVersion = 10.0.40219.1
Project("{FAE04EC0-301F-11D3-BF4B-00C04F79EFBC}") = "WebApplicationServidorAdivinaCancion", "WebApplicationServidorAdivinaCancion\WebApplicationServidorAdivinaCancion.csproj", "{77A6E482-0ACD-4F8B-9ABE-0A9B14A77B0A}"
EndProject
Global
	GlobalSection(SolutionConfigurationPlatforms) = preSolution
		Debug|Any CPU = Debug|Any CPU
		Release|Any CPU = Release|Any CPU
	EndGlobalSection
	GlobalSection(ProjectConfigurationPlatforms) = postSolution
		{77A6E482-0ACD-4F8B-9ABE-0A9B14A77B0A}.Debug|Any CPU.ActiveCfg = Debug|Any CPU
		{77A6E482-0ACD-4F8B-9ABE-0A9B14A77B0A}.Debug|Any CPU.Build.0 = Debug|Any CPU
		{77A6E482-0ACD-4F8B-9ABE-0A9B14A77B0A}.Release|Any CPU.ActiveCfg = Release|Any CPU
		{77A6E482-0ACD-4F8B-9ABE-0A9B14A77B0A}.Release|Any CPU.Build.0 = Release|Any CPU
	EndGlobalSection
	GlobalSection(SolutionProperties) = preSolution
		HideSolutionNode = FALSE
	EndGlobalSection
	GlobalSection(ExtensibilityGlobals) = postSolution
		SolutionGuid = {4A297563-3846-4100-BD5F-E66430C781A1}
	EndGlobalSection
EndGlobal
